[["version","1"]]
["","container.from",["docker.io/library/rust:1.97-slim-trixie","linux/amd64"],"sha256:5c6f46a6e4472ab1ca7ba7d494e6677f2f219ebc02f32025d3986f057635ec9c","pin"]
["","container.from",["docker.io/library/rust:1.97-slim-trixie","linux/arm64"],"sha256:14c4fe50ea427dc42381a1a09a9a839c1d2346a2e508cd491bf02c659dbc0ed7","pin"]
["","git.head",["https://github.com/rustsec/advisory-db.git"],"1abf7a8c1822223a38e99f652bc232071c44a86d","float"]
["","git.head",["https://github.com/sagikazarmark/daggerverse-beta"],"124c60b10d3e728fa8a250dc10450e545423dc56","float"]